github.com/YungMonk/zinx v0.0.0-20200921024754-a8418cdf9e80 h1:TgUKRPRhKGE6l3beOSvVuHFLNjHPNGc/K3QF5GSewYk=
github.com/YungMonk/zinx v0.0.0-20200921024754-a8418cdf9e80/go.mod h1:Xvw4dW4tqze/9rxuyDJ+Y2p4X7VmxfKrAVvOSuFUQFs=
github.com/YungMonk/zinx v0.0.0-20200921072551-45078fd0688b h1:HK65f1/ak4i0Li3y4bRJZi3rp804dKgvonK4K1/Iklw=
github.com/YungMonk/zinx v0.0.0-20200921072551-45078fd0688b/go.mod h1:Xvw4dW4tqze/9rxuyDJ+Y2p4X7VmxfKrAVvOSuFUQFs=
github.com/YungMonk/zinx v0.0.0-20200921081025-a040b4bf2f7d h1:UM6BA5taer4j8SJ0QJxmwTQnWfylDbOD1kue9ThsxUI=
github.com/YungMonk/zinx v0.0.0-20200921081025-a040b4bf2f7d/go.mod h1:Xvw4dW4tqze/9rxuyDJ+Y2p4X7VmxfKrAVvOSuFUQFs=
github.com/YungMonk/zinx v0.0.0-20200921095315-ffbf628573a0 h1:C8k6XclNX2vx1+cmcjLVvnD7h9sZtXNRjq8iL6ytL/M=
github.com/YungMonk/zinx v0.0.0-20200921095315-ffbf628573a0/go.mod h1:Xvw4dW4tqze/9rxuyDJ+Y2p4X7VmxfKrAVvOSuFUQFs=
github.com/YungMonk/zinx v0.0.0-20200922030621-fd8ce2be3a8a h1:pEGieZ1Zw9o0v9vl5ecP73BueKDITFCYCyVRBi4wWEM=
github.com/YungMonk/zinx v0.0.0-20200922030621-fd8ce2be3a8a/go.mod h1:Xvw4dW4tqze/9rxuyDJ+Y2p4X7VmxfKrAVvOSuFUQFs=
github.com/YungMonk/zinx v0.0.0-20200922035540-cb0007fd28ae h1:WGLvyMn6aLykYSrQRA7G8PbE8CH7C6Cj5yyhVxapKoM=
github.com/YungMonk/zinx v0.0.0-20200922035540-cb0007fd28ae/go.mod h1:Xvw4dW4tqze/9rxuyDJ+Y2p4X7VmxfKrAVvOSuFUQFs=
github.com/YungMonk/zinx v0.0.0-20200922071115-93e797ead83d h1:sRX8dG7ctg2YfTWmvWFe6T+8KWEOKLV61A91hQX/RHg=
github.com/YungMonk/zinx v0.0.0-20200922071115-93e797ead83d/go.mod h1:Xvw4dW4tqze/9rxuyDJ+Y2p4X7VmxfKrAVvOSuFUQFs=
github.com/YungMonk/zinx v0.0.0-20200922072159-36b1033a95fe h1:CnlHmO8t6Y1D73jUe+k/HW56mOMt8g2olJfIlddmboo=
github.com/YungMonk/zinx v0.0.0-20200922072159-36b1033a95fe/go.mod h1:Xvw4dW4tqze/9rxuyDJ+Y2p4X7VmxfKrAVvOSuFUQFs=
